
Microsoft Visual Studio Solution File, Format Version 12.00
# Visual Studio Version 17
VisualStudioVersion = 17.13.35919.96 d17.13
MinimumVisualStudioVersion = 10.0.40219.1
Project("{FAE04EC0-301F-11D3-BF4B-00C04F79EFBC}") = "MazeProject", "MazeProject.csproj", "{D6F702E4-12F0-47D1-A748-E9648BA0D54D}"
EndProject
Global
	GlobalSection(SolutionConfigurationPlatforms) = preSolution
		Debug|Any CPU = Debug|Any CPU
		Release|Any CPU = Release|Any CPU
	EndGlobalSection
	GlobalSection(ProjectConfigurationPlatforms) = postSolution
		{D6F702E4-12F0-47D1-A748-E9648BA0D54D}.Debug|Any CPU.ActiveCfg = Debug|Any CPU
		{D6F702E4-12F0-47D1-A748-E9648BA0D54D}.Debug|Any CPU.Build.0 = Debug|Any CPU
		{D6F702E4-12F0-47D1-A748-E9648BA0D54D}.Release|Any CPU.ActiveCfg = Release|Any CPU
		{D6F702E4-12F0-47D1-A748-E9648BA0D54D}.Release|Any CPU.Build.0 = Release|Any CPU
	EndGlobalSection
	GlobalSection(SolutionProperties) = preSolution
		HideSolutionNode = FALSE
	EndGlobalSection
	GlobalSection(ExtensibilityGlobals) = postSolution
		SolutionGuid = {D7FDC922-C307-4A89-9DF5-34945B9630A9}
	EndGlobalSection
EndGlobal
